// !$*UTF8*$!
{
	archiveVersion = 1;
	classes = {
	};
	objectVersion = 46;
	objects = {

/* Begin PBXBuildFile section */
		FB8FA1511669993600FCC322 /* UIKit.framework in Frameworks */ = {isa = PBXBuildFile; fileRef = FB8FA1501669993600FCC322 /* UIKit.framework */; };
		FB8FA1531669993600FCC322 /* Foundation.framework in Frameworks */ = {isa = PBXBuildFile; fileRef = FB8FA1521669993600FCC322 /* Foundation.framework */; };
		FB8FA1551669993600FCC322 /* CoreGraphics.framework in Frameworks */ = {isa = PBXBuildFile; fileRef = FB8FA1541669993600FCC322 /* CoreGraphics.framework */; };
		FB8FA15B1669993600FCC322 /* InfoPlist.strings in Resources */ = {isa = PBXBuildFile; fileRef = FB8FA1591669993600FCC322 /* InfoPlist.strings */; };
		FB8FA15D1669993600FCC322 /* main.m in Sources */ = {isa = PBXBuildFile; fileRef = FB8FA15C1669993600FCC322 /* main.m */; };
		FB8FA1611669993600FCC322 /* SPLAppDelegate.m in Sources */ = {isa = PBXBuildFile; fileRef = FB8FA1601669993600FCC322 /* SPLAppDelegate.m */; };
		FB8FA1641669993600FCC322 /* MainStoryboard.storyboard in Resources */ = {isa = PBXBuildFile; fileRef = FB8FA1621669993600FCC322 /* MainStoryboard.storyboard */; };
		FB8FA1671669993600FCC322 /* SPLViewController.m in Sources */ = {isa = PBXBuildFile; fileRef = FB8FA1661669993600FCC322 /* SPLViewController.m */; };
		FB8FA16F1669993600FCC322 /* SenTestingKit.framework in Frameworks */ = {isa = PBXBuildFile; fileRef = FB8FA16E1669993600FCC322 /* SenTestingKit.framework */; };
		FB8FA1701669993600FCC322 /* UIKit.framework in Frameworks */ = {isa = PBXBuildFile; fileRef = FB8FA1501669993600FCC322 /* UIKit.framework */; };
		FB8FA1711669993600FCC322 /* Foundation.framework in Frameworks */ = {isa = PBXBuildFile; fileRef = FB8FA1521669993600FCC322 /* Foundation.framework */; };
		FB8FA1791669993600FCC322 /* InfoPlist.strings in Resources */ = {isa = PBXBuildFile; fileRef = FB8FA1771669993600FCC322 /* InfoPlist.strings */; };
		FB8FA17C1669993700FCC322 /* TalkTimerTests.m in Sources */ = {isa = PBXBuildFile; fileRef = FB8FA17B1669993700FCC322 /* TalkTimerTests.m */; };
/* End PBXBuildFile section */

/* Begin PBXContainerItemProxy section */
		FB8FA1721669993600FCC322 /* PBXContainerItemProxy */ = {
			isa = PBXContainerItemProxy;
			containerPortal = FB8FA1431669993600FCC322 /* Project object */;
			proxyType = 1;
			remoteGlobalIDString = FB8FA14B1669993600FCC322;
			remoteInfo = TalkTimer;
		};
/* End PBXContainerItemProxy section */

/* Begin PBXFileReference section */
		FB8FA14C1669993600FCC322 /* TalkTimer.app */ = {isa = PBXFileReference; explicitFileType = wrapper.application; includeInIndex = 0; path = TalkTimer.app; sourceTree = BUILT_PRODUCTS_DIR; };
		FB8FA1501669993600FCC322 /* UIKit.framework */ = {isa = PBXFileReference; lastKnownFileType = wrapper.framework; name = UIKit.framework; path = System/Library/Frameworks/UIKit.framework; sourceTree = SDKROOT; };
		FB8FA1521669993600FCC322 /* Foundation.framework */ = {isa = PBXFileReference; lastKnownFileType = wrapper.framework; name = Foundation.framework; path = System/Library/Frameworks/Foundation.framework; sourceTree = SDKROOT; };
		FB8FA1541669993600FCC322 /* CoreGraphics.framework */ = {isa = PBXFileReference; lastKnownFileType = wrapper.framework; name = CoreGraphics.framework; path = System/Library/Frameworks/CoreGraphics.framework; sourceTree = SDKROOT; };
		FB8FA1581669993600FCC322 /* TalkTimer-Info.plist */ = {isa = PBXFileReference; lastKnownFileType = text.plist.xml; path = "TalkTimer-Info.plist"; sourceTree = "<group>"; };
		FB8FA15A1669993600FCC322 /* en */ = {isa = PBXFileReference; lastKnownFileType = text.plist.strings; name = en; path = en.lproj/InfoPlist.strings; sourceTree = "<group>"; };
		FB8FA15C1669993600FCC322 /* main.m */ = {isa = PBXFileReference; lastKnownFileType = sourcecode.c.objc; path = main.m; sourceTree = "<group>"; };
		FB8FA15E1669993600FCC322 /* TalkTimer-Prefix.pch */ = {isa = PBXFileReference; lastKnownFileType = sourcecode.c.h; path = "TalkTimer-Prefix.pch"; sourceTree = "<group>"; };
		FB8FA15F1669993600FCC322 /* SPLAppDelegate.h */ = {isa = PBXFileReference; lastKnownFileType = sourcecode.c.h; path = SPLAppDelegate.h; sourceTree = "<group>"; };
		FB8FA1601669993600FCC322 /* SPLAppDelegate.m */ = {isa = PBXFileReference; lastKnownFileType = sourcecode.c.objc; path = SPLAppDelegate.m; sourceTree = "<group>"; };
		FB8FA1631669993600FCC322 /* en */ = {isa = PBXFileReference; lastKnownFileType = file.storyboard; name = en; path = en.lproj/MainStoryboard.storyboard; sourceTree = "<group>"; };
		FB8FA1651669993600FCC322 /* SPLViewController.h */ = {isa = PBXFileReference; lastKnownFileType = sourcecode.c.h; path = SPLViewController.h; sourceTree = "<group>"; };
		FB8FA1661669993600FCC322 /* SPLViewController.m */ = {isa = PBXFileReference; lastKnownFileType = sourcecode.c.objc; path = SPLViewController.m; sourceTree = "<group>"; };
		FB8FA16D1669993600FCC322 /* TalkTimerTests.octest */ = {isa = PBXFileReference; explicitFileType = wrapper.cfbundle; includeInIndex = 0; path = TalkTimerTests.octest; sourceTree = BUILT_PRODUCTS_DIR; };
		FB8FA16E1669993600FCC322 /* SenTestingKit.framework */ = {isa = PBXFileReference; lastKnownFileType = wrapper.framework; name = SenTestingKit.framework; path = Library/Frameworks/SenTestingKit.framework; sourceTree = DEVELOPER_DIR; };
		FB8FA1761669993600FCC322 /* TalkTimerTests-Info.plist */ = {isa = PBXFileReference; lastKnownFileType = text.plist.xml; path = "TalkTimerTests-Info.plist"; sourceTree = "<group>"; };
		FB8FA1781669993600FCC322 /* en */ = {isa = PBXFileReference; lastKnownFileType = text.plist.strings; name = en; path = en.lproj/InfoPlist.strings; sourceTree = "<group>"; };
		FB8FA17A1669993600FCC322 /* TalkTimerTests.h */ = {isa = PBXFileReference; lastKnownFileType = sourcecode.c.h; path = TalkTimerTests.h; sourceTree = "<group>"; };
		FB8FA17B1669993700FCC322 /* TalkTimerTests.m */ = {isa = PBXFileReference; lastKnownFileType = sourcecode.c.objc; path = TalkTimerTests.m; sourceTree = "<group>"; };
/* End PBXFileReference section */

/* Begin PBXFrameworksBuildPhase section */
		FB8FA1491669993600FCC322 /* Frameworks */ = {
			isa = PBXFrameworksBuildPhase;
			buildActionMask = 2147483647;
			files = (
				FB8FA1511669993600FCC322 /* UIKit.framework in Frameworks */,
				FB8FA1531669993600FCC322 /* Foundation.framework in Frameworks */,
				FB8FA1551669993600FCC322 /* CoreGraphics.framework in Frameworks */,
			);
			runOnlyForDeploymentPostprocessing = 0;
		};
		FB8FA1691669993600FCC322 /* Frameworks */ = {
			isa = PBXFrameworksBuildPhase;
			buildActionMask = 2147483647;
			files = (
				FB8FA16F1669993600FCC322 /* SenTestingKit.framework in Frameworks */,
				FB8FA1701669993600FCC322 /* UIKit.framework in Frameworks */,
				FB8FA1711669993600FCC322 /* Foundation.framework in Frameworks */,
			);
			runOnlyForDeploymentPostprocessing = 0;
		};
/* End PBXFrameworksBuildPhase section */

/* Begin PBXGroup section */
		FB8FA1411669993600FCC322 = {
			isa = PBXGroup;
			children = (
				FB8FA1561669993600FCC322 /* TalkTimer */,
				FB8FA1741669993600FCC322 /* TalkTimerTests */,
				FB8FA14F1669993600FCC322 /* Frameworks */,
				FB8FA14D1669993600FCC322 /* Products */,
			);
			sourceTree = "<group>";
		};
		FB8FA14D1669993600FCC322 /* Products */ = {
			isa = PBXGroup;
			children = (
				FB8FA14C1669993600FCC322 /* TalkTimer.app */,
				FB8FA16D1669993600FCC322 /* TalkTimerTests.octest */,
			);
			name = Products;
			sourceTree = "<group>";
		};
		FB8FA14F1669993600FCC322 /* Frameworks */ = {
			isa = PBXGroup;
			children = (
				FB8FA1501669993600FCC322 /* UIKit.framework */,
				FB8FA1521669993600FCC322 /* Foundation.framework */,
				FB8FA1541669993600FCC322 /* CoreGraphics.framework */,
				FB8FA16E1669993600FCC322 /* SenTestingKit.framework */,
			);
			name = Frameworks;
			sourceTree = "<group>";
		};
		FB8FA1561669993600FCC322 /* TalkTimer */ = {
			isa = PBXGroup;
			children = (
				FB8FA15F1669993600FCC322 /* SPLAppDelegate.h */,
				FB8FA1601669993600FCC322 /* SPLAppDelegate.m */,
				FB8FA1621669993600FCC322 /* MainStoryboard.storyboard */,
				FB8FA1651669993600FCC322 /* SPLViewController.h */,
				FB8FA1661669993600FCC322 /* SPLViewController.m */,
				FB8FA1571669993600FCC322 /* Supporting Files */,
			);
			path = TalkTimer;
			sourceTree = "<group>";
		};
		FB8FA1571669993600FCC322 /* Supporting Files */ = {
			isa = PBXGroup;
			children = (
				FB8FA1581669993600FCC322 /* TalkTimer-Info.plist */,
				FB8FA1591669993600FCC322 /* InfoPlist.strings */,
				FB8FA15C1669993600FCC322 /* main.m */,
				FB8FA15E1669993600FCC322 /* TalkTimer-Prefix.pch */,
			);
			name = "Supporting Files";
			sourceTree = "<group>";
		};
		FB8FA1741669993600FCC322 /* TalkTimerTests */ = {
			isa = PBXGroup;
			children = (
				FB8FA17A1669993600FCC322 /* TalkTimerTests.h */,
				FB8FA17B1669993700FCC322 /* TalkTimerTests.m */,
				FB8FA1751669993600FCC322 /* Supporting Files */,
			);
			path = TalkTimerTests;
			sourceTree = "<group>";
		};
		FB8FA1751669993600FCC322 /* Supporting Files */ = {
			isa = PBXGroup;
			children = (
				FB8FA1761669993600FCC322 /* TalkTimerTests-Info.plist */,
				FB8FA1771669993600FCC322 /* InfoPlist.strings */,
			);
			name = "Supporting Files";
			sourceTree = "<group>";
		};
/* End PBXGroup section */

/* Begin PBXNativeTarget section */
		FB8FA14B1669993600FCC322 /* TalkTimer */ = {
			isa = PBXNativeTarget;
			buildConfigurationList = FB8FA17F1669993700FCC322 /* Build configuration list for PBXNativeTarget "TalkTimer" */;
			buildPhases = (
				FB8FA1481669993600FCC322 /* Sources */,
				FB8FA1491669993600FCC322 /* Frameworks */,
				FB8FA14A1669993600FCC322 /* Resources */,
			);
			buildRules = (
			);
			dependencies = (
			);
			name = TalkTimer;
			productName = TalkTimer;
			productReference = FB8FA14C1669993600FCC322 /* TalkTimer.app */;
			productType = "com.apple.product-type.application";
		};
		FB8FA16C1669993600FCC322 /* TalkTimerTests */ = {
			isa = PBXNativeTarget;
			buildConfigurationList = FB8FA1821669993700FCC322 /* Build configuration list for PBXNativeTarget "TalkTimerTests" */;
			buildPhases = (
				FB8FA1681669993600FCC322 /* Sources */,
				FB8FA1691669993600FCC322 /* Frameworks */,
				FB8FA16A1669993600FCC322 /* Resources */,
				FB8FA16B1669993600FCC322 /* ShellScript */,
			);
			buildRules = (
			);
			dependencies = (
				FB8FA1731669993600FCC322 /* PBXTargetDependency */,
			);
			name = TalkTimerTests;
			productName = TalkTimerTests;
			productReference = FB8FA16D1669993600FCC322 /* TalkTimerTests.octest */;
			productType = "com.apple.product-type.bundle";
		};
/* End PBXNativeTarget section */

/* Begin PBXProject section */
		FB8FA1431669993600FCC322 /* Project object */ = {
			isa = PBXProject;
			attributes = {
				CLASSPREFIX = SPL;
				LastUpgradeCheck = 0440;
				ORGANIZATIONNAME = Shannon;
			};
			buildConfigurationList = FB8FA1461669993600FCC322 /* Build configuration list for PBXProject "TalkTimer" */;
			compatibilityVersion = "Xcode 3.2";
			developmentRegion = English;
			hasScannedForEncodings = 0;
			knownRegions = (
				en,
			);
			mainGroup = FB8FA1411669993600FCC322;
			productRefGroup = FB8FA14D1669993600FCC322 /* Products */;
			projectDirPath = "";
			projectRoot = "";
			targets = (
				FB8FA14B1669993600FCC322 /* TalkTimer */,
				FB8FA16C1669993600FCC322 /* TalkTimerTests */,
			);
		};
/* End PBXProject section */

/* Begin PBXResourcesBuildPhase section */
		FB8FA14A1669993600FCC322 /* Resources */ = {
			isa = PBXResourcesBuildPhase;
			buildActionMask = 2147483647;
			files = (
				FB8FA15B1669993600FCC322 /* InfoPlist.strings in Resources */,
				FB8FA1641669993600FCC322 /* MainStoryboard.storyboard in Resources */,
			);
			runOnlyForDeploymentPostprocessing = 0;
		};
		FB8FA16A1669993600FCC322 /* Resources */ = {
			isa = PBXResourcesBuildPhase;
			buildActionMask = 2147483647;
			files = (
				FB8FA1791669993600FCC322 /* InfoPlist.strings in Resources */,
			);
			runOnlyForDeploymentPostprocessing = 0;
		};
/* End PBXResourcesBuildPhase section */

/* Begin PBXShellScriptBuildPhase section */
		FB8FA16B1669993600FCC322 /* ShellScript */ = {
			isa = PBXShellScriptBuildPhase;
			buildActionMask = 2147483647;
			files = (
			);
			inputPaths = (
			);
			outputPaths = (
			);
			runOnlyForDeploymentPostprocessing = 0;
			shellPath = /bin/sh;
			shellScript = "# Run the unit tests in this test bundle.\n\"${SYSTEM_DEVELOPER_DIR}/Tools/RunUnitTests\"\n";
		};
/* End PBXShellScriptBuildPhase section */

/* Begin PBXSourcesBuildPhase section */
		FB8FA1481669993600FCC322 /* Sources */ = {
			isa = PBXSourcesBuildPhase;
			buildActionMask = 2147483647;
			files = (
				FB8FA15D1669993600FCC322 /* main.m in Sources */,
				FB8FA1611669993600FCC322 /* SPLAppDelegate.m in Sources */,
				FB8FA1671669993600FCC322 /* SPLViewController.m in Sources */,
			);
			runOnlyForDeploymentPostprocessing = 0;
		};
		FB8FA1681669993600FCC322 /* Sources */ = {
			isa = PBXSourcesBuildPhase;
			buildActionMask = 2147483647;
			files = (
				FB8FA17C1669993700FCC322 /* TalkTimerTests.m in Sources */,
			);
			runOnlyForDeploymentPostprocessing = 0;
		};
/* End PBXSourcesBuildPhase section */

/* Begin PBXTargetDependency section */
		FB8FA1731669993600FCC322 /* PBXTargetDependency */ = {
			isa = PBXTargetDependency;
			target = FB8FA14B1669993600FCC322 /* TalkTimer */;
			targetProxy = FB8FA1721669993600FCC322 /* PBXContainerItemProxy */;
		};
/* End PBXTargetDependency section */

/* Begin PBXVariantGroup section */
		FB8FA1591669993600FCC322 /* InfoPlist.strings */ = {
			isa = PBXVariantGroup;
			children = (
				FB8FA15A1669993600FCC322 /* en */,
			);
			name = InfoPlist.strings;
			sourceTree = "<group>";
		};
		FB8FA1621669993600FCC322 /* MainStoryboard.storyboard */ = {
			isa = PBXVariantGroup;
			children = (
				FB8FA1631669993600FCC322 /* en */,
			);
			name = MainStoryboard.storyboard;
			sourceTree = "<group>";
		};
		FB8FA1771669993600FCC322 /* InfoPlist.strings */ = {
			isa = PBXVariantGroup;
			children = (
				FB8FA1781669993600FCC322 /* en */,
			);
			name = InfoPlist.strings;
			sourceTree = "<group>";
		};
/* End PBXVariantGroup section */

/* Begin XCBuildConfiguration section */
		FB8FA17D1669993700FCC322 /* Debug */ = {
			isa = XCBuildConfiguration;
			buildSettings = {
				ALWAYS_SEARCH_USER_PATHS = NO;
				ARCHS = "$(ARCHS_STANDARD_32_BIT)";
				CLANG_CXX_LANGUAGE_STANDARD = "gnu++0x";
				CLANG_WARN__DUPLICATE_METHOD_MATCH = YES;
				"CODE_SIGN_IDENTITY[sdk=iphoneos*]" = "iPhone Developer";
				COPY_PHASE_STRIP = NO;
				GCC_C_LANGUAGE_STANDARD = gnu99;
				GCC_DYNAMIC_NO_PIC = NO;
				GCC_OPTIMIZATION_LEVEL = 0;
				GCC_PREPROCESSOR_DEFINITIONS = (
					"DEBUG=1",
					"$(inherited)",
				);
				GCC_SYMBOLS_PRIVATE_EXTERN = NO;
				GCC_VERSION = com.apple.compilers.llvm.clang.1_0;
				GCC_WARN_ABOUT_RETURN_TYPE = YES;
				GCC_WARN_UNINITIALIZED_AUTOS = YES;
				GCC_WARN_UNUSED_VARIABLE = YES;
				IPHONEOS_DEPLOYMENT_TARGET = 5.1;
				SDKROOT = iphoneos;
			};
			name = Debug;
		};
		FB8FA17E1669993700FCC322 /* Release */ = {
			isa = XCBuildConfiguration;
			buildSettings = {
				ALWAYS_SEARCH_USER_PATHS = NO;
				ARCHS = "$(ARCHS_STANDARD_32_BIT)";
				CLANG_CXX_LANGUAGE_STANDARD = "gnu++0x";
				CLANG_WARN__DUPLICATE_METHOD_MATCH = YES;
				"CODE_SIGN_IDENTITY[sdk=iphoneos*]" = "iPhone Developer";
				COPY_PHASE_STRIP = YES;
				GCC_C_LANGUAGE_STANDARD = gnu99;
				GCC_VERSION = com.apple.compilers.llvm.clang.1_0;
				GCC_WARN_ABOUT_RETURN_TYPE = YES;
				GCC_WARN_UNINITIALIZED_AUTOS = YES;
				GCC_WARN_UNUSED_VARIABLE = YES;
				IPHONEOS_DEPLOYMENT_TARGET = 5.1;
				OTHER_CFLAGS = "-DNS_BLOCK_ASSERTIONS=1";
				SDKROOT = iphoneos;
				VALIDATE_PRODUCT = YES;
			};
			name = Release;
		};
		FB8FA1801669993700FCC322 /* Debug */ = {
			isa = XCBuildConfiguration;
			buildSettings = {
				GCC_PRECOMPILE_PREFIX_HEADER = YES;
				GCC_PREFIX_HEADER = "TalkTimer/TalkTimer-Prefix.pch";
				INFOPLIST_FILE = "TalkTimer/TalkTimer-Info.plist";
				PRODUCT_NAME = "$(TARGET_NAME)";
				WRAPPER_EXTENSION = app;
			};
			name = Debug;
		};
		FB8FA1811669993700FCC322 /* Release */ = {
			isa = XCBuildConfiguration;
			buildSettings = {
				GCC_PRECOMPILE_PREFIX_HEADER = YES;
				GCC_PREFIX_HEADER = "TalkTimer/TalkTimer-Prefix.pch";
				INFOPLIST_FILE = "TalkTimer/TalkTimer-Info.plist";
				PRODUCT_NAME = "$(TARGET_NAME)";
				WRAPPER_EXTENSION = app;
			};
			name = Release;
		};
		FB8FA1831669993700FCC322 /* Debug */ = {
			isa = XCBuildConfiguration;
			buildSettings = {
				BUNDLE_LOADER = "$(BUILT_PRODUCTS_DIR)/TalkTimer.app/TalkTimer";
				FRAMEWORK_SEARCH_PATHS = (
					"\"$(SDKROOT)/Developer/Library/Frameworks\"",
					"\"$(DEVELOPER_LIBRARY_DIR)/Frameworks\"",
				);
				GCC_PRECOMPILE_PREFIX_HEADER = YES;
				GCC_PREFIX_HEADER = "TalkTimer/TalkTimer-Prefix.pch";
				INFOPLIST_FILE = "TalkTimerTests/TalkTimerTests-Info.plist";
				PRODUCT_NAME = "$(TARGET_NAME)";
				TEST_HOST = "$(BUNDLE_LOADER)";
				WRAPPER_EXTENSION = octest;
			};
			name = Debug;
		};
		FB8FA1841669993700FCC322 /* Release */ = {
			isa = XCBuildConfiguration;
			buildSettings = {
				BUNDLE_LOADER = "$(BUILT_PRODUCTS_DIR)/TalkTimer.app/TalkTimer";
				FRAMEWORK_SEARCH_PATHS = (
					"\"$(SDKROOT)/Developer/Library/Frameworks\"",
					"\"$(DEVELOPER_LIBRARY_DIR)/Frameworks\"",
				);
				GCC_PRECOMPILE_PREFIX_HEADER = YES;
				GCC_PREFIX_HEADER = "TalkTimer/TalkTimer-Prefix.pch";
				INFOPLIST_FILE = "TalkTimerTests/TalkTimerTests-Info.plist";
				PRODUCT_NAME = "$(TARGET_NAME)";
				TEST_HOST = "$(BUNDLE_LOADER)";
				WRAPPER_EXTENSION = octest;
			};
			name = Release;
		};
/* End XCBuildConfiguration section */

/* Begin XCConfigurationList section */
		FB8FA1461669993600FCC322 /* Build configuration list for PBXProject "TalkTimer" */ = {
			isa = XCConfigurationList;
			buildConfigurations = (
				FB8FA17D1669993700FCC322 /* Debug */,
				FB8FA17E1669993700FCC322 /* Release */,
			);
			defaultConfigurationIsVisible = 0;
			defaultConfigurationName = Release;
		};
		FB8FA17F1669993700FCC322 /* Build configuration list for PBXNativeTarget "TalkTimer" */ = {
			isa = XCConfigurationList;
			buildConfigurations = (
				FB8FA1801669993700FCC322 /* Debug */,
				FB8FA1811669993700FCC322 /* Release */,
			);
			defaultConfigurationIsVisible = 0;
		};
		FB8FA1821669993700FCC322 /* Build configuration list for PBXNativeTarget "TalkTimerTests" */ = {
			isa = XCConfigurationList;
			buildConfigurations = (
				FB8FA1831669993700FCC322 /* Debug */,
				FB8FA1841669993700FCC322 /* Release */,
			);
			defaultConfigurationIsVisible = 0;
		};
/* End XCConfigurationList section */
	};
	rootObject = FB8FA1431669993600FCC322 /* Project object */;
}
